
Microsoft Visual Studio Solution File, Format Version 12.00
# Visual Studio Version 17
VisualStudioVersion = 17.6.33801.468
MinimumVisualStudioVersion = 10.0.40219.1
Project("{FAE04EC0-301F-11D3-BF4B-00C04F79EFBC}") = "Razor", "Razor\Razor.csproj", "{B24E4FB1-4936-4544-9E88-F3FF9B04FDBA}"
EndProject
Project("{FAE04EC0-301F-11D3-BF4B-00C04F79EFBC}") = "Ultima", "UltimaSDK\Ultima.csproj", "{5D66ACE6-B2A4-400F-B5A5-24525959AC5C}"
EndProject
Project("{FAE04EC0-301F-11D3-BF4B-00C04F79EFBC}") = "FastColoredTextBox", "FastColoredTextBox\FastColoredTextBox.csproj", "{6DD14A85-CCFC-4774-BD26-0F5772512319}"
EndProject
Global
	GlobalSection(SolutionConfigurationPlatforms) = preSolution
		Debug|Any CPU = Debug|Any CPU
		Debug|x64 = Debug|x64
		Release|Any CPU = Release|Any CPU
		Release|x64 = Release|x64
	EndGlobalSection
	GlobalSection(ProjectConfigurationPlatforms) = postSolution
		{B24E4FB1-4936-4544-9E88-F3FF9B04FDBA}.Debug|Any CPU.ActiveCfg = Debug|x86
		{B24E4FB1-4936-4544-9E88-F3FF9B04FDBA}.Debug|Any CPU.Build.0 = Debug|x86
		{B24E4FB1-4936-4544-9E88-F3FF9B04FDBA}.Debug|x64.ActiveCfg = Debug|x64
		{B24E4FB1-4936-4544-9E88-F3FF9B04FDBA}.Debug|x64.Build.0 = Debug|x64
		{B24E4FB1-4936-4544-9E88-F3FF9B04FDBA}.Release|Any CPU.ActiveCfg = Release|AnyCPU
		{B24E4FB1-4936-4544-9E88-F3FF9B04FDBA}.Release|Any CPU.Build.0 = Release|AnyCPU
		{B24E4FB1-4936-4544-9E88-F3FF9B04FDBA}.Release|x64.ActiveCfg = Release|x64
		{B24E4FB1-4936-4544-9E88-F3FF9B04FDBA}.Release|x64.Build.0 = Release|x64
		{5D66ACE6-B2A4-400F-B5A5-24525959AC5C}.Debug|Any CPU.ActiveCfg = Debug|Any CPU
		{5D66ACE6-B2A4-400F-B5A5-24525959AC5C}.Debug|Any CPU.Build.0 = Debug|Any CPU
		{5D66ACE6-B2A4-400F-B5A5-24525959AC5C}.Debug|x64.ActiveCfg = Debug|x64
		{5D66ACE6-B2A4-400F-B5A5-24525959AC5C}.Debug|x64.Build.0 = Debug|x64
		{5D66ACE6-B2A4-400F-B5A5-24525959AC5C}.Release|Any CPU.ActiveCfg = Release|Any CPU
		{5D66ACE6-B2A4-400F-B5A5-24525959AC5C}.Release|Any CPU.Build.0 = Release|Any CPU
		{5D66ACE6-B2A4-400F-B5A5-24525959AC5C}.Release|x64.ActiveCfg = Release|x64
		{5D66ACE6-B2A4-400F-B5A5-24525959AC5C}.Release|x64.Build.0 = Release|x64
		{6DD14A85-CCFC-4774-BD26-0F5772512319}.Debug|Any CPU.ActiveCfg = Debug|Any CPU
		{6DD14A85-CCFC-4774-BD26-0F5772512319}.Debug|Any CPU.Build.0 = Debug|Any CPU
		{6DD14A85-CCFC-4774-BD26-0F5772512319}.Debug|x64.ActiveCfg = Debug|x64
		{6DD14A85-CCFC-4774-BD26-0F5772512319}.Debug|x64.Build.0 = Debug|x64
		{6DD14A85-CCFC-4774-BD26-0F5772512319}.Release|Any CPU.ActiveCfg = Release|Any CPU
		{6DD14A85-CCFC-4774-BD26-0F5772512319}.Release|Any CPU.Build.0 = Release|Any CPU
		{6DD14A85-CCFC-4774-BD26-0F5772512319}.Release|x64.ActiveCfg = Release|x64
		{6DD14A85-CCFC-4774-BD26-0F5772512319}.Release|x64.Build.0 = Release|x64
	EndGlobalSection
	GlobalSection(SolutionProperties) = preSolution
		HideSolutionNode = FALSE
	EndGlobalSection
EndGlobal
